
Microsoft Visual Studio Solution File, Format Version 12.00
# Visual Studio 15
VisualStudioVersion = 15.0.28307.136
MinimumVisualStudioVersion = 10.0.40219.1
Project("{FAE04EC0-301F-11D3-BF4B-00C04F79EFBC}") = "Day06", "Day06\Day06.csproj", "{270A8552-5269-4736-B8B2-F1C2364B0167}"
EndProject
Global
	GlobalSection(SolutionConfigurationPlatforms) = preSolution
		Debug|Any CPU = Debug|Any CPU
		Release|Any CPU = Release|Any CPU
	EndGlobalSection
	GlobalSection(ProjectConfigurationPlatforms) = postSolution
		{270A8552-5269-4736-B8B2-F1C2364B0167}.Debug|Any CPU.ActiveCfg = Debug|Any CPU
		{270A8552-5269-4736-B8B2-F1C2364B0167}.Debug|Any CPU.Build.0 = Debug|Any CPU
		{270A8552-5269-4736-B8B2-F1C2364B0167}.Release|Any CPU.ActiveCfg = Release|Any CPU
		{270A8552-5269-4736-B8B2-F1C2364B0167}.Release|Any CPU.Build.0 = Release|Any CPU
	EndGlobalSection
	GlobalSection(SolutionProperties) = preSolution
		HideSolutionNode = FALSE
	EndGlobalSection
	GlobalSection(ExtensibilityGlobals) = postSolution
		SolutionGuid = {21E7AAE7-8D45-4A64-8991-1FD6D15AEDC6}
	EndGlobalSection
EndGlobal
