
Microsoft Visual Studio Solution File, Format Version 12.00
# Visual Studio 15
VisualStudioVersion = 15.0.28307.136
MinimumVisualStudioVersion = 10.0.40219.1
Project("{FAE04EC0-301F-11D3-BF4B-00C04F79EFBC}") = "Day08", "Day08\Day08.csproj", "{D6D2590C-BC56-4A76-B5CD-53C766894510}"
EndProject
Global
	GlobalSection(SolutionConfigurationPlatforms) = preSolution
		Debug|Any CPU = Debug|Any CPU
		Release|Any CPU = Release|Any CPU
	EndGlobalSection
	GlobalSection(ProjectConfigurationPlatforms) = postSolution
		{D6D2590C-BC56-4A76-B5CD-53C766894510}.Debug|Any CPU.ActiveCfg = Debug|Any CPU
		{D6D2590C-BC56-4A76-B5CD-53C766894510}.Debug|Any CPU.Build.0 = Debug|Any CPU
		{D6D2590C-BC56-4A76-B5CD-53C766894510}.Release|Any CPU.ActiveCfg = Release|Any CPU
		{D6D2590C-BC56-4A76-B5CD-53C766894510}.Release|Any CPU.Build.0 = Release|Any CPU
	EndGlobalSection
	GlobalSection(SolutionProperties) = preSolution
		HideSolutionNode = FALSE
	EndGlobalSection
	GlobalSection(ExtensibilityGlobals) = postSolution
		SolutionGuid = {7006A8E4-1EBE-4E1B-A431-7DA08CE9D955}
	EndGlobalSection
EndGlobal
