
Microsoft Visual Studio Solution File, Format Version 12.00
# Visual Studio 15
VisualStudioVersion = 15.0.28307.136
MinimumVisualStudioVersion = 10.0.40219.1
Project("{FAE04EC0-301F-11D3-BF4B-00C04F79EFBC}") = "Day10", "Day10\Day10.csproj", "{38BDB895-F172-423E-8BB9-EA4456A24071}"
EndProject
Global
	GlobalSection(SolutionConfigurationPlatforms) = preSolution
		Debug|Any CPU = Debug|Any CPU
		Release|Any CPU = Release|Any CPU
	EndGlobalSection
	GlobalSection(ProjectConfigurationPlatforms) = postSolution
		{38BDB895-F172-423E-8BB9-EA4456A24071}.Debug|Any CPU.ActiveCfg = Debug|Any CPU
		{38BDB895-F172-423E-8BB9-EA4456A24071}.Debug|Any CPU.Build.0 = Debug|Any CPU
		{38BDB895-F172-423E-8BB9-EA4456A24071}.Release|Any CPU.ActiveCfg = Release|Any CPU
		{38BDB895-F172-423E-8BB9-EA4456A24071}.Release|Any CPU.Build.0 = Release|Any CPU
	EndGlobalSection
	GlobalSection(SolutionProperties) = preSolution
		HideSolutionNode = FALSE
	EndGlobalSection
	GlobalSection(ExtensibilityGlobals) = postSolution
		SolutionGuid = {3DEE487F-BFD3-4B5E-95BD-EF7CBED674B4}
	EndGlobalSection
EndGlobal
