
Microsoft Visual Studio Solution File, Format Version 12.00
# Visual Studio 15
VisualStudioVersion = 15.0.28307.168
MinimumVisualStudioVersion = 10.0.40219.1
Project("{FAE04EC0-301F-11D3-BF4B-00C04F79EFBC}") = "Day17", "Day17\Day17.csproj", "{22302FB3-1F33-4F63-B24B-286920967FA7}"
EndProject
Global
	GlobalSection(SolutionConfigurationPlatforms) = preSolution
		Debug|Any CPU = Debug|Any CPU
		Release|Any CPU = Release|Any CPU
	EndGlobalSection
	GlobalSection(ProjectConfigurationPlatforms) = postSolution
		{22302FB3-1F33-4F63-B24B-286920967FA7}.Debug|Any CPU.ActiveCfg = Debug|Any CPU
		{22302FB3-1F33-4F63-B24B-286920967FA7}.Debug|Any CPU.Build.0 = Debug|Any CPU
		{22302FB3-1F33-4F63-B24B-286920967FA7}.Release|Any CPU.ActiveCfg = Release|Any CPU
		{22302FB3-1F33-4F63-B24B-286920967FA7}.Release|Any CPU.Build.0 = Release|Any CPU
	EndGlobalSection
	GlobalSection(SolutionProperties) = preSolution
		HideSolutionNode = FALSE
	EndGlobalSection
	GlobalSection(ExtensibilityGlobals) = postSolution
		SolutionGuid = {837A469A-53CD-4597-BCBB-E17667FDB9D0}
	EndGlobalSection
EndGlobal
