
Microsoft Visual Studio Solution File, Format Version 12.00
# Visual Studio 15
VisualStudioVersion = 15.0.28307.136
MinimumVisualStudioVersion = 10.0.40219.1
Project("{FAE04EC0-301F-11D3-BF4B-00C04F79EFBC}") = "Day05", "Day05\Day05.csproj", "{5035B7F8-C4D0-4A6D-A0E1-D69F36610EC9}"
EndProject
Global
	GlobalSection(SolutionConfigurationPlatforms) = preSolution
		Debug|Any CPU = Debug|Any CPU
		Release|Any CPU = Release|Any CPU
	EndGlobalSection
	GlobalSection(ProjectConfigurationPlatforms) = postSolution
		{5035B7F8-C4D0-4A6D-A0E1-D69F36610EC9}.Debug|Any CPU.ActiveCfg = Debug|Any CPU
		{5035B7F8-C4D0-4A6D-A0E1-D69F36610EC9}.Debug|Any CPU.Build.0 = Debug|Any CPU
		{5035B7F8-C4D0-4A6D-A0E1-D69F36610EC9}.Release|Any CPU.ActiveCfg = Release|Any CPU
		{5035B7F8-C4D0-4A6D-A0E1-D69F36610EC9}.Release|Any CPU.Build.0 = Release|Any CPU
	EndGlobalSection
	GlobalSection(SolutionProperties) = preSolution
		HideSolutionNode = FALSE
	EndGlobalSection
	GlobalSection(ExtensibilityGlobals) = postSolution
		SolutionGuid = {008AE09A-818C-43EA-A90D-3E4B0CBAF678}
	EndGlobalSection
EndGlobal
